
Microsoft Visual Studio Solution File, Format Version 12.00
# Visual Studio Version 17
VisualStudioVersion = 17.8.34330.188
MinimumVisualStudioVersion = 10.0.40219.1
Project("{FAE04EC0-301F-11D3-BF4B-00C04F79EFBC}") = "Bai1_Labs4", "Labs4\Bai1_Labs4.csproj", "{EE5264CA-2938-459B-A9F0-01747ED495FD}"
EndProject
Project("{FAE04EC0-301F-11D3-BF4B-00C04F79EFBC}") = "Bai2_Labs4", "Bai2_Labs4\Bai2_Labs4.csproj", "{C802D6CA-F005-446F-A7C2-EE4F3FA01026}"
EndProject
Project("{FAE04EC0-301F-11D3-BF4B-00C04F79EFBC}") = "Bai3_labs4", "Bai3_labs4\Bai3_labs4.csproj", "{EA3C2D73-69D5-49B0-8C20-04F31C87F617}"
EndProject
Global
	GlobalSection(SolutionConfigurationPlatforms) = preSolution
		Debug|Any CPU = Debug|Any CPU
		Release|Any CPU = Release|Any CPU
	EndGlobalSection
	GlobalSection(ProjectConfigurationPlatforms) = postSolution
		{EE5264CA-2938-459B-A9F0-01747ED495FD}.Debug|Any CPU.ActiveCfg = Debug|Any CPU
		{EE5264CA-2938-459B-A9F0-01747ED495FD}.Debug|Any CPU.Build.0 = Debug|Any CPU
		{EE5264CA-2938-459B-A9F0-01747ED495FD}.Release|Any CPU.ActiveCfg = Release|Any CPU
		{EE5264CA-2938-459B-A9F0-01747ED495FD}.Release|Any CPU.Build.0 = Release|Any CPU
		{C802D6CA-F005-446F-A7C2-EE4F3FA01026}.Debug|Any CPU.ActiveCfg = Debug|Any CPU
		{C802D6CA-F005-446F-A7C2-EE4F3FA01026}.Debug|Any CPU.Build.0 = Debug|Any CPU
		{C802D6CA-F005-446F-A7C2-EE4F3FA01026}.Release|Any CPU.ActiveCfg = Release|Any CPU
		{C802D6CA-F005-446F-A7C2-EE4F3FA01026}.Release|Any CPU.Build.0 = Release|Any CPU
		{EA3C2D73-69D5-49B0-8C20-04F31C87F617}.Debug|Any CPU.ActiveCfg = Debug|Any CPU
		{EA3C2D73-69D5-49B0-8C20-04F31C87F617}.Debug|Any CPU.Build.0 = Debug|Any CPU
		{EA3C2D73-69D5-49B0-8C20-04F31C87F617}.Release|Any CPU.ActiveCfg = Release|Any CPU
		{EA3C2D73-69D5-49B0-8C20-04F31C87F617}.Release|Any CPU.Build.0 = Release|Any CPU
	EndGlobalSection
	GlobalSection(SolutionProperties) = preSolution
		HideSolutionNode = FALSE
	EndGlobalSection
	GlobalSection(ExtensibilityGlobals) = postSolution
		SolutionGuid = {3688E4D8-5D6D-4F00-B6EE-AD6811C830C5}
	EndGlobalSection
EndGlobal
